lockfileVersion: 5.4

specifiers:
  aptos: 1.22.1
  dotenv: 16.0.3

dependencies:
  aptos: 1.22.1
  dotenv: 16.0.3

packages:

  /@aptos-labs/aptos-client/2.1.0:
    resolution: {integrity: sha512-ttdY0qclRvbYAAwzijkFeipuqTfLFJnoXlNIm58tIw3DKhIlfYdR6iLqTeCpI23oOPghnO99FZecej/0MTrtuA==}
    engines: {node: '>=20.0.0'}
    peerDependencies:
      got: ^11.8.6
    dev: false

  /@noble/hashes/1.3.3:
    resolution: {integrity: sha512-V7/fPHgl+jsVPXqqeOzT8egNj2iBIVt+ECeMMG8TdcnTikP3oaBtUVqpT/gYCR68aEBJSF+XbYUxStjbFMqIIA==}
    engines: {node: '>= 16'}
    dev: false

  /@scure/base/1.1.1:
    resolution: {integrity: sha512-ZxOhsSyxYwLJj3pLZCefNitxsj093tb2vq90mp2txoYeBqbcjDjqFhyM8eUjq/uFm6zJ+mUuqxlS2FkuSY1MTA==}
    dev: false

  /@scure/bip39/1.2.1:
    resolution: {integrity: sha512-Z3/Fsz1yr904dduJD0NpiyRHhRYHdcnyh73FZWiV+/qhWi83wNJ3NWolYqCEN+ZWsUz2TWwajJggcRE9r1zUYg==}
    dependencies:
      '@noble/hashes': 1.3.3
      '@scure/base': 1.1.1
    dev: false

  /aptos/1.22.1:
    resolution: {integrity: sha512-zw8IbCkMOpXdeAxp106W6CLHR8i88QY+z5u912XIlwZ3AngUVKY55b3rG8KP3uKEeLAIcY9FVWzS5ndzV60grg==}
    engines: {node: '>=20.0.0'}
    deprecated: Please update to the newer '@aptos-labs/ts-sdk'.  'aptos' is deprecated
    dependencies:
      '@aptos-labs/aptos-client': 2.1.0
      '@noble/hashes': 1.3.3
      '@scure/bip39': 1.2.1
      eventemitter3: 5.0.4
      tweetnacl: 1.0.3
    transitivePeerDependencies:
      - got
    dev: false

  /dotenv/16.0.3:
    resolution: {integrity: sha512-7GO6HghkA5fYG9TYnNxi14/7K9f5occMlp3zXAuSxn7CKCxt9xbNWG7yF8hTCSUchlfWSe3uLmlPfigevRItzQ==}
    engines: {node: '>=12'}
    dev: false

  /eventemitter3/5.0.4:
    resolution: {integrity: sha512-mlsTRyGaPBjPedk6Bvw+aqbsXDtoAyAzm5MO7JgU+yVRyMQ5O8bD4Kcci7BS85f93veegeCPkL8R4GLClnjLFw==}
    dev: false

  /tweetnacl/1.0.3:
    resolution: {integrity: sha512-6rt+RN7aOi1nGMyC4Xa5DdYiukl2UWCbcJft7YhxReBGQD7OAM8Pbxw6YMo4r2diNEA8FEmu32YOn9rhaiE5yw==}
    dev: false
